<?xml version="1.0" encoding="utf-8"?>
<Project ToolsVersion="4.0" xmlns="http://schemas.microsoft.com/developer/msbuild/2003">
  <ItemGroup>
    <ClCompile Include="$(GeneratedFilesDir)module.g.cpp">
      <Filter>Generated Files</Filter>
    </ClCompile>
    <ClCompile Include="src/pch.cpp">
      <Filter>Source</Filter>
    </ClCompile>
    <ClCompile Include="src\EventLoopUtils.cpp">
      <Filter>Source</Filter>
    </ClCompile>
  </ItemGroup>
  <ItemGroup>
    <AppxManifest Include="Package.appxmanifest" />
  </ItemGroup>
  <ItemGroup>
    <None Include="PropertySheet.props" />
    <None Include="packages.config" />
    <None Include="Package.StoreAssociation.xml" />
  </ItemGroup>
  <ItemGroup>
    <Text Include="readme.txt" />
  </ItemGroup>
  <ItemGroup>
    <Filter Include="Assets">
      <UniqueIdentifier>{b592bb06-9646-4a78-b8ab-bb541935a7dd}</UniqueIdentifier>
    </Filter>
    <Filter Include="Generated Files">
      <UniqueIdentifier>{3ece62f9-58f3-456f-86c5-580284319485}</UniqueIdentifier>
    </Filter>
    <Filter Include="Source">
      <UniqueIdentifier>{8656d2d9-af3c-4bbb-83c3-2036de4a60a6}</UniqueIdentifier>
    </Filter>
    <Filter Include="Assets\providers">
      <UniqueIdentifier>{4faa10f2-3802-408f-b8c4-86b5c353da20}</UniqueIdentifier>
    </Filter>
  </ItemGroup>
  <ItemGroup>
    <Image Include="Assets\SplashScreen.png">
      <Filter>Assets</Filter>
    </Image>
    <Image Include="Assets\Square44x44Logo.png">
      <Filter>Assets</Filter>
    </Image>
    <Image Include="Assets\Square150x150Logo.png">
      <Filter>Assets</Filter>
    </Image>
    <Image Include="Assets\StoreLogo.png">
      <Filter>Assets</Filter>
    </Image>
    <Image Include="Assets\logo_store.png">
      <Filter>Assets</Filter>
    </Image>
    <Image Include="Assets\providers\local.png">
      <Filter>Assets\providers</Filter>
    </Image>
    <Image Include="Assets\providers\google.png">
      <Filter>Assets\providers</Filter>
    </Image>
    <Image Include="Assets\providers\dropbox.png">
      <Filter>Assets\providers</Filter>
    </Image>
    <Image Include="Assets\providers\box.png">
      <Filter>Assets\providers</Filter>
    </Image>
    <Image Include="Assets\providers\amazons3.png">
      <Filter>Assets\providers</Filter>
    </Image>
    <Image Include="Assets\providers\mega.png">
      <Filter>Assets\providers</Filter>
    </Image>
    <Image Include="Assets\providers\onedrive.png">
      <Filter>Assets\providers</Filter>
    </Image>
    <Image Include="Assets\providers\pcloud.png">
      <Filter>Assets\providers</Filter>
    </Image>
    <Image Include="Assets\providers\webdav.png">
      <Filter>Assets\providers</Filter>
    </Image>
    <Image Include="Assets\providers\yandex.png">
      <Filter>Assets\providers</Filter>
    </Image>
    <Image Include="Assets\providers\openstack.png">
      <Filter>Assets\providers</Filter>
    </Image>
    <Image Include="Assets\providers\youtube.png">
      <Filter>Assets\providers</Filter>
    </Image>
  </ItemGroup>
  <ItemGroup>
    <ApplicationDefinition Include="src/App.xaml">
      <Filter>Source</Filter>
    </ApplicationDefinition>
  </ItemGroup>
  <ItemGroup>
    <Page Include="src/MainPage.xaml">
      <Filter>Source</Filter>
    </Page>
    <Page Include="src\AddAccountPage.xaml">
      <Filter>Source</Filter>
    </Page>
    <Page Include="src\FileListPage.xaml">
      <Filter>Source</Filter>
    </Page>
    <Page Include="src\WebViewPage.xaml">
      <Filter>Source</Filter>
    </Page>
    <Page Include="src\FilePreviewPage.xaml">
      <Filter>Source</Filter>
    </Page>
  </ItemGroup>
  <ItemGroup>
    <ClInclude Include="src/pch.h">
      <Filter>Source</Filter>
    </ClInclude>
    <ClInclude Include="src\EventLoopUtils.h">
      <Filter>Source</Filter>
    </ClInclude>
  </ItemGroup>
  <ItemGroup>
    <Midl Include="src\CloudProviderAccountModel.idl">
      <Filter>Source</Filter>
    </Midl>
    <Midl Include="src\FileListPageModel.idl">
      <Filter>Source</Filter>
    </Midl>
    <Midl Include="src\FileListEntryModel.idl">
      <Filter>Source</Filter>
    </Midl>
    <Midl Include="src\CloudProviderTypeModel.idl">
      <Filter>Source</Filter>
    </Midl>
    <Midl Include="src\MainPageModel.idl">
      <Filter>Source</Filter>
    </Midl>
    <Midl Include="src\FilePreviewPageModel.idl">
      <Filter>Source</Filter>
    </Midl>
    <Midl Include="src\AddAccountPageModel.idl">
      <Filter>Source</Filter>
    </Midl>
    <Midl Include="src\WebViewPageModel.idl">
      <Filter>Source</Filter>
    </Midl>
  </ItemGroup>
</Project>